
Microsoft Visual Studio Solution File, Format Version 12.00
# Visual Studio Version 17
VisualStudioVersion = 17.5.33516.290
MinimumVisualStudioVersion = 10.0.40219.1
Project("{FAE04EC0-301F-11D3-BF4B-00C04F79EFBC}") = "SemTest1", "SemTest1\SemTest1.csproj", "{84508646-5134-4F20-B08B-F1351E88A7AD}"
EndProject
Global
	GlobalSection(SolutionConfigurationPlatforms) = preSolution
		Debug|Any CPU = Debug|Any CPU
		Release|Any CPU = Release|Any CPU
	EndGlobalSection
	GlobalSection(ProjectConfigurationPlatforms) = postSolution
		{84508646-5134-4F20-B08B-F1351E88A7AD}.Debug|Any CPU.ActiveCfg = Debug|Any CPU
		{84508646-5134-4F20-B08B-F1351E88A7AD}.Debug|Any CPU.Build.0 = Debug|Any CPU
		{84508646-5134-4F20-B08B-F1351E88A7AD}.Release|Any CPU.ActiveCfg = Release|Any CPU
		{84508646-5134-4F20-B08B-F1351E88A7AD}.Release|Any CPU.Build.0 = Release|Any CPU
	EndGlobalSection
	GlobalSection(SolutionProperties) = preSolution
		HideSolutionNode = FALSE
	EndGlobalSection
	GlobalSection(ExtensibilityGlobals) = postSolution
		SolutionGuid = {5FA41E6D-9CAC-4D91-8414-B19EF9C49B26}
	EndGlobalSection
EndGlobal
