
Microsoft Visual Studio Solution File, Format Version 12.00
# Visual Studio Version 17
VisualStudioVersion = 17.4.33403.182
MinimumVisualStudioVersion = 10.0.40219.1
Project("{FAE04EC0-301F-11D3-BF4B-00C04F79EFBC}") = "LabEx1_Question1", "LabEx1_Question1\LabEx1_Question1.csproj", "{B9F73B80-FD40-4232-ABA2-670725258443}"
EndProject
Global
	GlobalSection(SolutionConfigurationPlatforms) = preSolution
		Debug|Any CPU = Debug|Any CPU
		Release|Any CPU = Release|Any CPU
	EndGlobalSection
	GlobalSection(ProjectConfigurationPlatforms) = postSolution
		{B9F73B80-FD40-4232-ABA2-670725258443}.Debug|Any CPU.ActiveCfg = Debug|Any CPU
		{B9F73B80-FD40-4232-ABA2-670725258443}.Debug|Any CPU.Build.0 = Debug|Any CPU
		{B9F73B80-FD40-4232-ABA2-670725258443}.Release|Any CPU.ActiveCfg = Release|Any CPU
		{B9F73B80-FD40-4232-ABA2-670725258443}.Release|Any CPU.Build.0 = Release|Any CPU
	EndGlobalSection
	GlobalSection(SolutionProperties) = preSolution
		HideSolutionNode = FALSE
	EndGlobalSection
	GlobalSection(ExtensibilityGlobals) = postSolution
		SolutionGuid = {2E74B2BD-20B6-4ED4-B5FB-C0378FF6270A}
	EndGlobalSection
EndGlobal
