
Microsoft Visual Studio Solution File, Format Version 12.00
# Visual Studio Version 17
VisualStudioVersion = 17.5.33414.496
MinimumVisualStudioVersion = 10.0.40219.1
Project("{FAE04EC0-301F-11D3-BF4B-00C04F79EFBC}") = "TUT2_Question3", "TUT2_Question3\TUT2_Question3.csproj", "{23E1F73A-25A9-4684-9B3B-15E5AA139E01}"
EndProject
Global
	GlobalSection(SolutionConfigurationPlatforms) = preSolution
		Debug|Any CPU = Debug|Any CPU
		Release|Any CPU = Release|Any CPU
	EndGlobalSection
	GlobalSection(ProjectConfigurationPlatforms) = postSolution
		{23E1F73A-25A9-4684-9B3B-15E5AA139E01}.Debug|Any CPU.ActiveCfg = Debug|Any CPU
		{23E1F73A-25A9-4684-9B3B-15E5AA139E01}.Debug|Any CPU.Build.0 = Debug|Any CPU
		{23E1F73A-25A9-4684-9B3B-15E5AA139E01}.Release|Any CPU.ActiveCfg = Release|Any CPU
		{23E1F73A-25A9-4684-9B3B-15E5AA139E01}.Release|Any CPU.Build.0 = Release|Any CPU
	EndGlobalSection
	GlobalSection(SolutionProperties) = preSolution
		HideSolutionNode = FALSE
	EndGlobalSection
	GlobalSection(ExtensibilityGlobals) = postSolution
		SolutionGuid = {EF8AC2B5-CDBE-48FC-9479-65476C33BA80}
	EndGlobalSection
EndGlobal
