
Microsoft Visual Studio Solution File, Format Version 12.00
# Visual Studio Version 17
VisualStudioVersion = 17.5.33530.505
MinimumVisualStudioVersion = 10.0.40219.1
Project("{FAE04EC0-301F-11D3-BF4B-00C04F79EFBC}") = "MathWebService", "LabEx5\MathWebService.csproj", "{00D5E729-D4D6-4CB9-B9C7-3606A1EA0006}"
EndProject
Project("{FAE04EC0-301F-11D3-BF4B-00C04F79EFBC}") = "DataLayer", "DataLayer\DataLayer.csproj", "{4E1A135D-9BB8-425F-8227-42FBE439178B}"
EndProject
Project("{FAE04EC0-301F-11D3-BF4B-00C04F79EFBC}") = "BusinessLayer", "BusinessLayer\BusinessLayer.csproj", "{99099CCC-69B9-49E2-90BF-25BC1AB6EAC6}"
EndProject
Project("{FAE04EC0-301F-11D3-BF4B-00C04F79EFBC}") = "PresentationLayer", "PresentationLayer\PresentationLayer.csproj", "{3DCF713E-BAD8-434F-9C68-2002A2F62177}"
EndProject
Global
	GlobalSection(SolutionConfigurationPlatforms) = preSolution
		Debug|Any CPU = Debug|Any CPU
		Release|Any CPU = Release|Any CPU
	EndGlobalSection
	GlobalSection(ProjectConfigurationPlatforms) = postSolution
		{00D5E729-D4D6-4CB9-B9C7-3606A1EA0006}.Debug|Any CPU.ActiveCfg = Debug|Any CPU
		{00D5E729-D4D6-4CB9-B9C7-3606A1EA0006}.Debug|Any CPU.Build.0 = Debug|Any CPU
		{00D5E729-D4D6-4CB9-B9C7-3606A1EA0006}.Release|Any CPU.ActiveCfg = Release|Any CPU
		{00D5E729-D4D6-4CB9-B9C7-3606A1EA0006}.Release|Any CPU.Build.0 = Release|Any CPU
		{4E1A135D-9BB8-425F-8227-42FBE439178B}.Debug|Any CPU.ActiveCfg = Debug|Any CPU
		{4E1A135D-9BB8-425F-8227-42FBE439178B}.Debug|Any CPU.Build.0 = Debug|Any CPU
		{4E1A135D-9BB8-425F-8227-42FBE439178B}.Release|Any CPU.ActiveCfg = Release|Any CPU
		{4E1A135D-9BB8-425F-8227-42FBE439178B}.Release|Any CPU.Build.0 = Release|Any CPU
		{99099CCC-69B9-49E2-90BF-25BC1AB6EAC6}.Debug|Any CPU.ActiveCfg = Debug|Any CPU
		{99099CCC-69B9-49E2-90BF-25BC1AB6EAC6}.Debug|Any CPU.Build.0 = Debug|Any CPU
		{99099CCC-69B9-49E2-90BF-25BC1AB6EAC6}.Release|Any CPU.ActiveCfg = Release|Any CPU
		{99099CCC-69B9-49E2-90BF-25BC1AB6EAC6}.Release|Any CPU.Build.0 = Release|Any CPU
		{3DCF713E-BAD8-434F-9C68-2002A2F62177}.Debug|Any CPU.ActiveCfg = Debug|Any CPU
		{3DCF713E-BAD8-434F-9C68-2002A2F62177}.Debug|Any CPU.Build.0 = Debug|Any CPU
		{3DCF713E-BAD8-434F-9C68-2002A2F62177}.Release|Any CPU.ActiveCfg = Release|Any CPU
		{3DCF713E-BAD8-434F-9C68-2002A2F62177}.Release|Any CPU.Build.0 = Release|Any CPU
	EndGlobalSection
	GlobalSection(SolutionProperties) = preSolution
		HideSolutionNode = FALSE
	EndGlobalSection
	GlobalSection(ExtensibilityGlobals) = postSolution
		SolutionGuid = {CA0B6A7E-6885-491B-8DA0-6C61301FE85A}
	EndGlobalSection
EndGlobal
