
Microsoft Visual Studio Solution File, Format Version 12.00
# Visual Studio Version 17
VisualStudioVersion = 17.5.33414.496
MinimumVisualStudioVersion = 10.0.40219.1
Project("{FAE04EC0-301F-11D3-BF4B-00C04F79EFBC}") = "TUT2_Question6", "TUT2_Question6\TUT2_Question6.csproj", "{5203AA14-5667-4DFB-B0CF-CF5FD29E1524}"
EndProject
Global
	GlobalSection(SolutionConfigurationPlatforms) = preSolution
		Debug|Any CPU = Debug|Any CPU
		Release|Any CPU = Release|Any CPU
	EndGlobalSection
	GlobalSection(ProjectConfigurationPlatforms) = postSolution
		{5203AA14-5667-4DFB-B0CF-CF5FD29E1524}.Debug|Any CPU.ActiveCfg = Debug|Any CPU
		{5203AA14-5667-4DFB-B0CF-CF5FD29E1524}.Debug|Any CPU.Build.0 = Debug|Any CPU
		{5203AA14-5667-4DFB-B0CF-CF5FD29E1524}.Release|Any CPU.ActiveCfg = Release|Any CPU
		{5203AA14-5667-4DFB-B0CF-CF5FD29E1524}.Release|Any CPU.Build.0 = Release|Any CPU
	EndGlobalSection
	GlobalSection(SolutionProperties) = preSolution
		HideSolutionNode = FALSE
	EndGlobalSection
	GlobalSection(ExtensibilityGlobals) = postSolution
		SolutionGuid = {26F67562-F16B-4C02-B1CD-31EDEBC8B25B}
	EndGlobalSection
EndGlobal
