
Microsoft Visual Studio Solution File, Format Version 12.00
# Visual Studio Version 16
VisualStudioVersion = 16.0.29025.244
MinimumVisualStudioVersion = 10.0.40219.1
Project("{FAE04EC0-301F-11D3-BF4B-00C04F79EFBC}") = "TuitionCalculator", "TuitionCalculator\TuitionCalculator.csproj", "{30C4B04A-B990-46B2-86DD-676C28F1D0DF}"
EndProject
Global
	GlobalSection(SolutionConfigurationPlatforms) = preSolution
		Debug|Any CPU = Debug|Any CPU
		Release|Any CPU = Release|Any CPU
	EndGlobalSection
	GlobalSection(ProjectConfigurationPlatforms) = postSolution
		{30C4B04A-B990-46B2-86DD-676C28F1D0DF}.Debug|Any CPU.ActiveCfg = Debug|Any CPU
		{30C4B04A-B990-46B2-86DD-676C28F1D0DF}.Debug|Any CPU.Build.0 = Debug|Any CPU
		{30C4B04A-B990-46B2-86DD-676C28F1D0DF}.Release|Any CPU.ActiveCfg = Release|Any CPU
		{30C4B04A-B990-46B2-86DD-676C28F1D0DF}.Release|Any CPU.Build.0 = Release|Any CPU
	EndGlobalSection
	GlobalSection(SolutionProperties) = preSolution
		HideSolutionNode = FALSE
	EndGlobalSection
	GlobalSection(ExtensibilityGlobals) = postSolution
		SolutionGuid = {9D86D49C-DA64-49C8-A3CD-80B02A3B0D80}
	EndGlobalSection
EndGlobal
