
Microsoft Visual Studio Solution File, Format Version 12.00
# Visual Studio Version 16
VisualStudioVersion = 16.0.29025.244
MinimumVisualStudioVersion = 10.0.40219.1
Project("{FAE04EC0-301F-11D3-BF4B-00C04F79EFBC}") = "PresentationLayer", "PresentationLayer\PresentationLayer.csproj", "{4E458771-1628-47D1-9C8F-0E42D30A3F20}"
EndProject
Project("{FAE04EC0-301F-11D3-BF4B-00C04F79EFBC}") = "DataLayer", "DataLayer\DataLayer.csproj", "{77522FE4-864D-4491-AF63-763F55DF2150}"
EndProject
Project("{FAE04EC0-301F-11D3-BF4B-00C04F79EFBC}") = "BusinessLayer", "BusinessLayer\BusinessLayer.csproj", "{32908240-3F96-410F-93CD-0D8689EA3F61}"
EndProject
Global
	GlobalSection(SolutionConfigurationPlatforms) = preSolution
		Debug|Any CPU = Debug|Any CPU
		Release|Any CPU = Release|Any CPU
	EndGlobalSection
	GlobalSection(ProjectConfigurationPlatforms) = postSolution
		{4E458771-1628-47D1-9C8F-0E42D30A3F20}.Debug|Any CPU.ActiveCfg = Debug|Any CPU
		{4E458771-1628-47D1-9C8F-0E42D30A3F20}.Debug|Any CPU.Build.0 = Debug|Any CPU
		{4E458771-1628-47D1-9C8F-0E42D30A3F20}.Release|Any CPU.ActiveCfg = Release|Any CPU
		{4E458771-1628-47D1-9C8F-0E42D30A3F20}.Release|Any CPU.Build.0 = Release|Any CPU
		{77522FE4-864D-4491-AF63-763F55DF2150}.Debug|Any CPU.ActiveCfg = Debug|Any CPU
		{77522FE4-864D-4491-AF63-763F55DF2150}.Debug|Any CPU.Build.0 = Debug|Any CPU
		{77522FE4-864D-4491-AF63-763F55DF2150}.Release|Any CPU.ActiveCfg = Release|Any CPU
		{77522FE4-864D-4491-AF63-763F55DF2150}.Release|Any CPU.Build.0 = Release|Any CPU
		{32908240-3F96-410F-93CD-0D8689EA3F61}.Debug|Any CPU.ActiveCfg = Debug|Any CPU
		{32908240-3F96-410F-93CD-0D8689EA3F61}.Debug|Any CPU.Build.0 = Debug|Any CPU
		{32908240-3F96-410F-93CD-0D8689EA3F61}.Release|Any CPU.ActiveCfg = Release|Any CPU
		{32908240-3F96-410F-93CD-0D8689EA3F61}.Release|Any CPU.Build.0 = Release|Any CPU
	EndGlobalSection
	GlobalSection(SolutionProperties) = preSolution
		HideSolutionNode = FALSE
	EndGlobalSection
	GlobalSection(ExtensibilityGlobals) = postSolution
		SolutionGuid = {DCDF075E-8671-4A7E-AB87-44D422140D7B}
	EndGlobalSection
EndGlobal
